
Microsoft Visual Studio Solution File, Format Version 12.00
# Visual Studio 15
VisualStudioVersion = 15.0.28010.2041
MinimumVisualStudioVersion = 10.0.40219.1
Project("{FAE04EC0-301F-11D3-BF4B-00C04F79EFBC}") = "MVCLab", "MVCLab\MVCLab.csproj", "{9C2997FC-1DA7-490E-B320-139978E15877}"
EndProject
Global
	GlobalSection(SolutionConfigurationPlatforms) = preSolution
		Debug|Any CPU = Debug|Any CPU
		Release|Any CPU = Release|Any CPU
	EndGlobalSection
	GlobalSection(ProjectConfigurationPlatforms) = postSolution
		{9C2997FC-1DA7-490E-B320-139978E15877}.Debug|Any CPU.ActiveCfg = Debug|Any CPU
		{9C2997FC-1DA7-490E-B320-139978E15877}.Debug|Any CPU.Build.0 = Debug|Any CPU
		{9C2997FC-1DA7-490E-B320-139978E15877}.Release|Any CPU.ActiveCfg = Release|Any CPU
		{9C2997FC-1DA7-490E-B320-139978E15877}.Release|Any CPU.Build.0 = Release|Any CPU
	EndGlobalSection
	GlobalSection(SolutionProperties) = preSolution
		HideSolutionNode = FALSE
	EndGlobalSection
	GlobalSection(ExtensibilityGlobals) = postSolution
		SolutionGuid = {C8B1043A-F0F3-44D3-B30A-3ECA8C013BD6}
	EndGlobalSection
EndGlobal
